
Microsoft Visual Studio Solution File, Format Version 12.00
# Visual Studio Version 17
VisualStudioVersion = 17.6.33829.357
MinimumVisualStudioVersion = 10.0.40219.1
Project("{FAE04EC0-301F-11D3-BF4B-00C04F79EFBC}") = "API.Teste", "API.Teste\API.Teste.csproj", "{3F3BFBE4-CACC-4486-953C-B980103F262B}"
EndProject
Global
	GlobalSection(SolutionConfigurationPlatforms) = preSolution
		Debug|Any CPU = Debug|Any CPU
		Release|Any CPU = Release|Any CPU
	EndGlobalSection
	GlobalSection(ProjectConfigurationPlatforms) = postSolution
		{3F3BFBE4-CACC-4486-953C-B980103F262B}.Debug|Any CPU.ActiveCfg = Debug|Any CPU
		{3F3BFBE4-CACC-4486-953C-B980103F262B}.Debug|Any CPU.Build.0 = Debug|Any CPU
		{3F3BFBE4-CACC-4486-953C-B980103F262B}.Release|Any CPU.ActiveCfg = Release|Any CPU
		{3F3BFBE4-CACC-4486-953C-B980103F262B}.Release|Any CPU.Build.0 = Release|Any CPU
	EndGlobalSection
	GlobalSection(SolutionProperties) = preSolution
		HideSolutionNode = FALSE
	EndGlobalSection
	GlobalSection(ExtensibilityGlobals) = postSolution
		SolutionGuid = {C62A113E-5C67-4F38-B049-6E4CFF7D321F}
	EndGlobalSection
EndGlobal
